// !$*UTF8*$!
{
	archiveVersion = 1;
	classes = {
	};
	objectVersion = 46;
	objects = {

/* Begin PBXBuildFile section */
		1E3BF9261A5D846300286399 /* main.m in Sources */ = {isa = PBXBuildFile; fileRef = 1E3BF9251A5D846300286399 /* main.m */; };
		1E3BF9291A5D846300286399 /* AppDelegate.m in Sources */ = {isa = PBXBuildFile; fileRef = 1E3BF9281A5D846300286399 /* AppDelegate.m */; };
		1E3BF92C1A5D846300286399 /* ViewController.m in Sources */ = {isa = PBXBuildFile; fileRef = 1E3BF92B1A5D846300286399 /* ViewController.m */; };
		1E3BF92F1A5D846300286399 /* Main.storyboard in Resources */ = {isa = PBXBuildFile; fileRef = 1E3BF92D1A5D846300286399 /* Main.storyboard */; };
		1E3BF9311A5D846300286399 /* Images.xcassets in Resources */ = {isa = PBXBuildFile; fileRef = 1E3BF9301A5D846300286399 /* Images.xcassets */; };
		1E3BF9341A5D846300286399 /* LaunchScreen.xib in Resources */ = {isa = PBXBuildFile; fileRef = 1E3BF9321A5D846300286399 /* LaunchScreen.xib */; };
		1E3BF9401A5D846300286399 /* PryParseoXMLTests.m in Sources */ = {isa = PBXBuildFile; fileRef = 1E3BF93F1A5D846300286399 /* PryParseoXMLTests.m */; };
		1E3BF94C1A5DB45B00286399 /* EndPoint.m in Sources */ = {isa = PBXBuildFile; fileRef = 1E3BF94B1A5DB45B00286399 /* EndPoint.m */; };
		1E3BF9501A5DC57F00286399 /* TablaVC.m in Sources */ = {isa = PBXBuildFile; fileRef = 1E3BF94F1A5DC57F00286399 /* TablaVC.m */; };
/* End PBXBuildFile section */

/* Begin PBXContainerItemProxy section */
		1E3BF93A1A5D846300286399 /* PBXContainerItemProxy */ = {
			isa = PBXContainerItemProxy;
			containerPortal = 1E3BF9181A5D846300286399 /* Project object */;
			proxyType = 1;
			remoteGlobalIDString = 1E3BF91F1A5D846300286399;
			remoteInfo = PryParseoXML;
		};
/* End PBXContainerItemProxy section */

/* Begin PBXFileReference section */
		1E3BF9201A5D846300286399 /* PryParseoXML.app */ = {isa = PBXFileReference; explicitFileType = wrapper.application; includeInIndex = 0; path = PryParseoXML.app; sourceTree = BUILT_PRODUCTS_DIR; };
		1E3BF9241A5D846300286399 /* Info.plist */ = {isa = PBXFileReference; lastKnownFileType = text.plist.xml; path = Info.plist; sourceTree = "<group>"; };
		1E3BF9251A5D846300286399 /* main.m */ = {isa = PBXFileReference; lastKnownFileType = sourcecode.c.objc; path = main.m; sourceTree = "<group>"; };
		1E3BF9271A5D846300286399 /* AppDelegate.h */ = {isa = PBXFileReference; lastKnownFileType = sourcecode.c.h; path = AppDelegate.h; sourceTree = "<group>"; };
		1E3BF9281A5D846300286399 /* AppDelegate.m */ = {isa = PBXFileReference; lastKnownFileType = sourcecode.c.objc; path = AppDelegate.m; sourceTree = "<group>"; };
		1E3BF92A1A5D846300286399 /* ViewController.h */ = {isa = PBXFileReference; lastKnownFileType = sourcecode.c.h; path = ViewController.h; sourceTree = "<group>"; };
		1E3BF92B1A5D846300286399 /* ViewController.m */ = {isa = PBXFileReference; lastKnownFileType = sourcecode.c.objc; path = ViewController.m; sourceTree = "<group>"; };
		1E3BF92E1A5D846300286399 /* Base */ = {isa = PBXFileReference; lastKnownFileType = file.storyboard; name = Base; path = Base.lproj/Main.storyboard; sourceTree = "<group>"; };
		1E3BF9301A5D846300286399 /* Images.xcassets */ = {isa = PBXFileReference; lastKnownFileType = folder.assetcatalog; path = Images.xcassets; sourceTree = "<group>"; };
		1E3BF9331A5D846300286399 /* Base */ = {isa = PBXFileReference; lastKnownFileType = file.xib; name = Base; path = Base.lproj/LaunchScreen.xib; sourceTree = "<group>"; };
		1E3BF9391A5D846300286399 /* PryParseoXMLTests.xctest */ = {isa = PBXFileReference; explicitFileType = wrapper.cfbundle; includeInIndex = 0; path = PryParseoXMLTests.xctest; sourceTree = BUILT_PRODUCTS_DIR; };
		1E3BF93E1A5D846300286399 /* Info.plist */ = {isa = PBXFileReference; lastKnownFileType = text.plist.xml; path = Info.plist; sourceTree = "<group>"; };
		1E3BF93F1A5D846300286399 /* PryParseoXMLTests.m */ = {isa = PBXFileReference; lastKnownFileType = sourcecode.c.objc; path = PryParseoXMLTests.m; sourceTree = "<group>"; };
		1E3BF94A1A5DB45B00286399 /* EndPoint.h */ = {isa = PBXFileReference; fileEncoding = 4; lastKnownFileType = sourcecode.c.h; path = EndPoint.h; sourceTree = "<group>"; };
		1E3BF94B1A5DB45B00286399 /* EndPoint.m */ = {isa = PBXFileReference; fileEncoding = 4; lastKnownFileType = sourcecode.c.objc; path = EndPoint.m; sourceTree = "<group>"; };
		1E3BF94E1A5DC57F00286399 /* TablaVC.h */ = {isa = PBXFileReference; fileEncoding = 4; lastKnownFileType = sourcecode.c.h; path = TablaVC.h; sourceTree = "<group>"; };
		1E3BF94F1A5DC57F00286399 /* TablaVC.m */ = {isa = PBXFileReference; fileEncoding = 4; lastKnownFileType = sourcecode.c.objc; path = TablaVC.m; sourceTree = "<group>"; };
/* End PBXFileReference section */

/* Begin PBXFrameworksBuildPhase section */
		1E3BF91D1A5D846300286399 /* Frameworks */ = {
			isa = PBXFrameworksBuildPhase;
			buildActionMask = 2147483647;
			files = (
			);
			runOnlyForDeploymentPostprocessing = 0;
		};
		1E3BF9361A5D846300286399 /* Frameworks */ = {
			isa = PBXFrameworksBuildPhase;
			buildActionMask = 2147483647;
			files = (
			);
			runOnlyForDeploymentPostprocessing = 0;
		};
/* End PBXFrameworksBuildPhase section */

/* Begin PBXGroup section */
		1E3BF9171A5D846300286399 = {
			isa = PBXGroup;
			children = (
				1E3BF9221A5D846300286399 /* PryParseoXML */,
				1E3BF93C1A5D846300286399 /* PryParseoXMLTests */,
				1E3BF9211A5D846300286399 /* Products */,
			);
			sourceTree = "<group>";
		};
		1E3BF9211A5D846300286399 /* Products */ = {
			isa = PBXGroup;
			children = (
				1E3BF9201A5D846300286399 /* PryParseoXML.app */,
				1E3BF9391A5D846300286399 /* PryParseoXMLTests.xctest */,
			);
			name = Products;
			sourceTree = "<group>";
		};
		1E3BF9221A5D846300286399 /* PryParseoXML */ = {
			isa = PBXGroup;
			children = (
				1E3BF94D1A5DC56900286399 /* Vistas */,
				1E3BF9491A5DB43F00286399 /* Modelo */,
				1E3BF9271A5D846300286399 /* AppDelegate.h */,
				1E3BF9281A5D846300286399 /* AppDelegate.m */,
				1E3BF92A1A5D846300286399 /* ViewController.h */,
				1E3BF92B1A5D846300286399 /* ViewController.m */,
				1E3BF92D1A5D846300286399 /* Main.storyboard */,
				1E3BF9301A5D846300286399 /* Images.xcassets */,
				1E3BF9321A5D846300286399 /* LaunchScreen.xib */,
				1E3BF9231A5D846300286399 /* Supporting Files */,
			);
			path = PryParseoXML;
			sourceTree = "<group>";
		};
		1E3BF9231A5D846300286399 /* Supporting Files */ = {
			isa = PBXGroup;
			children = (
				1E3BF9241A5D846300286399 /* Info.plist */,
				1E3BF9251A5D846300286399 /* main.m */,
			);
			name = "Supporting Files";
			sourceTree = "<group>";
		};
		1E3BF93C1A5D846300286399 /* PryParseoXMLTests */ = {
			isa = PBXGroup;
			children = (
				1E3BF93F1A5D846300286399 /* PryParseoXMLTests.m */,
				1E3BF93D1A5D846300286399 /* Supporting Files */,
			);
			path = PryParseoXMLTests;
			sourceTree = "<group>";
		};
		1E3BF93D1A5D846300286399 /* Supporting Files */ = {
			isa = PBXGroup;
			children = (
				1E3BF93E1A5D846300286399 /* Info.plist */,
			);
			name = "Supporting Files";
			sourceTree = "<group>";
		};
		1E3BF9491A5DB43F00286399 /* Modelo */ = {
			isa = PBXGroup;
			children = (
				1E3BF94A1A5DB45B00286399 /* EndPoint.h */,
				1E3BF94B1A5DB45B00286399 /* EndPoint.m */,
			);
			name = Modelo;
			sourceTree = "<group>";
		};
		1E3BF94D1A5DC56900286399 /* Vistas */ = {
			isa = PBXGroup;
			children = (
				1E3BF94E1A5DC57F00286399 /* TablaVC.h */,
				1E3BF94F1A5DC57F00286399 /* TablaVC.m */,
			);
			name = Vistas;
			sourceTree = "<group>";
		};
/* End PBXGroup section */

/* Begin PBXNativeTarget section */
		1E3BF91F1A5D846300286399 /* PryParseoXML */ = {
			isa = PBXNativeTarget;
			buildConfigurationList = 1E3BF9431A5D846300286399 /* Build configuration list for PBXNativeTarget "PryParseoXML" */;
			buildPhases = (
				1E3BF91C1A5D846300286399 /* Sources */,
				1E3BF91D1A5D846300286399 /* Frameworks */,
				1E3BF91E1A5D846300286399 /* Resources */,
			);
			buildRules = (
			);
			dependencies = (
			);
			name = PryParseoXML;
			productName = PryParseoXML;
			productReference = 1E3BF9201A5D846300286399 /* PryParseoXML.app */;
			productType = "com.apple.product-type.application";
		};
		1E3BF9381A5D846300286399 /* PryParseoXMLTests */ = {
			isa = PBXNativeTarget;
			buildConfigurationList = 1E3BF9461A5D846300286399 /* Build configuration list for PBXNativeTarget "PryParseoXMLTests" */;
			buildPhases = (
				1E3BF9351A5D846300286399 /* Sources */,
				1E3BF9361A5D846300286399 /* Frameworks */,
				1E3BF9371A5D846300286399 /* Resources */,
			);
			buildRules = (
			);
			dependencies = (
				1E3BF93B1A5D846300286399 /* PBXTargetDependency */,
			);
			name = PryParseoXMLTests;
			productName = PryParseoXMLTests;
			productReference = 1E3BF9391A5D846300286399 /* PryParseoXMLTests.xctest */;
			productType = "com.apple.product-type.bundle.unit-test";
		};
/* End PBXNativeTarget section */

/* Begin PBXProject section */
		1E3BF9181A5D846300286399 /* Project object */ = {
			isa = PBXProject;
			attributes = {
				LastUpgradeCheck = 0610;
				ORGANIZATIONNAME = Apps4s;
				TargetAttributes = {
					1E3BF91F1A5D846300286399 = {
						CreatedOnToolsVersion = 6.1.1;
					};
					1E3BF9381A5D846300286399 = {
						CreatedOnToolsVersion = 6.1.1;
						TestTargetID = 1E3BF91F1A5D846300286399;
					};
				};
			};
			buildConfigurationList = 1E3BF91B1A5D846300286399 /* Build configuration list for PBXProject "PryParseoXML" */;
			compatibilityVersion = "Xcode 3.2";
			developmentRegion = English;
			hasScannedForEncodings = 0;
			knownRegions = (
				en,
				Base,
			);
			mainGroup = 1E3BF9171A5D846300286399;
			productRefGroup = 1E3BF9211A5D846300286399 /* Products */;
			projectDirPath = "";
			projectRoot = "";
			targets = (
				1E3BF91F1A5D846300286399 /* PryParseoXML */,
				1E3BF9381A5D846300286399 /* PryParseoXMLTests */,
			);
		};
/* End PBXProject section */

/* Begin PBXResourcesBuildPhase section */
		1E3BF91E1A5D846300286399 /* Resources */ = {
			isa = PBXResourcesBuildPhase;
			buildActionMask = 2147483647;
			files = (
				1E3BF92F1A5D846300286399 /* Main.storyboard in Resources */,
				1E3BF9341A5D846300286399 /* LaunchScreen.xib in Resources */,
				1E3BF9311A5D846300286399 /* Images.xcassets in Resources */,
			);
			runOnlyForDeploymentPostprocessing = 0;
		};
		1E3BF9371A5D846300286399 /* Resources */ = {
			isa = PBXResourcesBuildPhase;
			buildActionMask = 2147483647;
			files = (
			);
			runOnlyForDeploymentPostprocessing = 0;
		};
/* End PBXResourcesBuildPhase section */

/* Begin PBXSourcesBuildPhase section */
		1E3BF91C1A5D846300286399 /* Sources */ = {
			isa = PBXSourcesBuildPhase;
			buildActionMask = 2147483647;
			files = (
				1E3BF92C1A5D846300286399 /* ViewController.m in Sources */,
				1E3BF9291A5D846300286399 /* AppDelegate.m in Sources */,
				1E3BF94C1A5DB45B00286399 /* EndPoint.m in Sources */,
				1E3BF9501A5DC57F00286399 /* TablaVC.m in Sources */,
				1E3BF9261A5D846300286399 /* main.m in Sources */,
			);
			runOnlyForDeploymentPostprocessing = 0;
		};
		1E3BF9351A5D846300286399 /* Sources */ = {
			isa = PBXSourcesBuildPhase;
			buildActionMask = 2147483647;
			files = (
				1E3BF9401A5D846300286399 /* PryParseoXMLTests.m in Sources */,
			);
			runOnlyForDeploymentPostprocessing = 0;
		};
/* End PBXSourcesBuildPhase section */

/* Begin PBXTargetDependency section */
		1E3BF93B1A5D846300286399 /* PBXTargetDependency */ = {
			isa = PBXTargetDependency;
			target = 1E3BF91F1A5D846300286399 /* PryParseoXML */;
			targetProxy = 1E3BF93A1A5D846300286399 /* PBXContainerItemProxy */;
		};
/* End PBXTargetDependency section */

/* Begin PBXVariantGroup section */
		1E3BF92D1A5D846300286399 /* Main.storyboard */ = {
			isa = PBXVariantGroup;
			children = (
				1E3BF92E1A5D846300286399 /* Base */,
			);
			name = Main.storyboard;
			sourceTree = "<group>";
		};
		1E3BF9321A5D846300286399 /* LaunchScreen.xib */ = {
			isa = PBXVariantGroup;
			children = (
				1E3BF9331A5D846300286399 /* Base */,
			);
			name = LaunchScreen.xib;
			sourceTree = "<group>";
		};
/* End PBXVariantGroup section */

/* Begin XCBuildConfiguration section */
		1E3BF9411A5D846300286399 /* Debug */ = {
			isa = XCBuildConfiguration;
			buildSettings = {
				ALWAYS_SEARCH_USER_PATHS = NO;
				CLANG_CXX_LANGUAGE_STANDARD = "gnu++0x";
				CLANG_CXX_LIBRARY = "libc++";
				CLANG_ENABLE_MODULES = YES;
				CLANG_ENABLE_OBJC_ARC = YES;
				CLANG_WARN_BOOL_CONVERSION = YES;
				CLANG_WARN_CONSTANT_CONVERSION = YES;
				CLANG_WARN_DIRECT_OBJC_ISA_USAGE = YES_ERROR;
				CLANG_WARN_EMPTY_BODY = YES;
				CLANG_WARN_ENUM_CONVERSION = YES;
				CLANG_WARN_INT_CONVERSION = YES;
				CLANG_WARN_OBJC_ROOT_CLASS = YES_ERROR;
				CLANG_WARN_UNREACHABLE_CODE = YES;
				CLANG_WARN__DUPLICATE_METHOD_MATCH = YES;
				"CODE_SIGN_IDENTITY[sdk=iphoneos*]" = "iPhone Developer";
				COPY_PHASE_STRIP = NO;
				ENABLE_STRICT_OBJC_MSGSEND = YES;
				GCC_C_LANGUAGE_STANDARD = gnu99;
				GCC_DYNAMIC_NO_PIC = NO;
				GCC_OPTIMIZATION_LEVEL = 0;
				GCC_PREPROCESSOR_DEFINITIONS = (
					"DEBUG=1",
					"$(inherited)",
				);
				GCC_SYMBOLS_PRIVATE_EXTERN = NO;
				GCC_WARN_64_TO_32_BIT_CONVERSION = YES;
				GCC_WARN_ABOUT_RETURN_TYPE = YES_ERROR;
				GCC_WARN_UNDECLARED_SELECTOR = YES;
				GCC_WARN_UNINITIALIZED_AUTOS = YES_AGGRESSIVE;
				GCC_WARN_UNUSED_FUNCTION = YES;
				GCC_WARN_UNUSED_VARIABLE = YES;
				IPHONEOS_DEPLOYMENT_TARGET = 8.1;
				MTL_ENABLE_DEBUG_INFO = YES;
				ONLY_ACTIVE_ARCH = YES;
				SDKROOT = iphoneos;
			};
			name = Debug;
		};
		1E3BF9421A5D846300286399 /* Release */ = {
			isa = XCBuildConfiguration;
			buildSettings = {
				ALWAYS_SEARCH_USER_PATHS = NO;
				CLANG_CXX_LANGUAGE_STANDARD = "gnu++0x";
				CLANG_CXX_LIBRARY = "libc++";
				CLANG_ENABLE_MODULES = YES;
				CLANG_ENABLE_OBJC_ARC = YES;
				CLANG_WARN_BOOL_CONVERSION = YES;
				CLANG_WARN_CONSTANT_CONVERSION = YES;
				CLANG_WARN_DIRECT_OBJC_ISA_USAGE = YES_ERROR;
				CLANG_WARN_EMPTY_BODY = YES;
				CLANG_WARN_ENUM_CONVERSION = YES;
				CLANG_WARN_INT_CONVERSION = YES;
				CLANG_WARN_OBJC_ROOT_CLASS = YES_ERROR;
				CLANG_WARN_UNREACHABLE_CODE = YES;
				CLANG_WARN__DUPLICATE_METHOD_MATCH = YES;
				"CODE_SIGN_IDENTITY[sdk=iphoneos*]" = "iPhone Developer";
				COPY_PHASE_STRIP = YES;
				ENABLE_NS_ASSERTIONS = NO;
				ENABLE_STRICT_OBJC_MSGSEND = YES;
				GCC_C_LANGUAGE_STANDARD = gnu99;
				GCC_WARN_64_TO_32_BIT_CONVERSION = YES;
				GCC_WARN_ABOUT_RETURN_TYPE = YES_ERROR;
				GCC_WARN_UNDECLARED_SELECTOR = YES;
				GCC_WARN_UNINITIALIZED_AUTOS = YES_AGGRESSIVE;
				GCC_WARN_UNUSED_FUNCTION = YES;
				GCC_WARN_UNUSED_VARIABLE = YES;
				IPHONEOS_DEPLOYMENT_TARGET = 8.1;
				MTL_ENABLE_DEBUG_INFO = NO;
				SDKROOT = iphoneos;
				VALIDATE_PRODUCT = YES;
			};
			name = Release;
		};
		1E3BF9441A5D846300286399 /* Debug */ = {
			isa = XCBuildConfiguration;
			buildSettings = {
				ASSETCATALOG_COMPILER_APPICON_NAME = AppIcon;
				INFOPLIST_FILE = PryParseoXML/Info.plist;
				LD_RUNPATH_SEARCH_PATHS = "$(inherited) @executable_path/Frameworks";
				PRODUCT_NAME = "$(TARGET_NAME)";
			};
			name = Debug;
		};
		1E3BF9451A5D846300286399 /* Release */ = {
			isa = XCBuildConfiguration;
			buildSettings = {
				ASSETCATALOG_COMPILER_APPICON_NAME = AppIcon;
				INFOPLIST_FILE = PryParseoXML/Info.plist;
				LD_RUNPATH_SEARCH_PATHS = "$(inherited) @executable_path/Frameworks";
				PRODUCT_NAME = "$(TARGET_NAME)";
			};
			name = Release;
		};
		1E3BF9471A5D846300286399 /* Debug */ = {
			isa = XCBuildConfiguration;
			buildSettings = {
				BUNDLE_LOADER = "$(TEST_HOST)";
				FRAMEWORK_SEARCH_PATHS = (
					"$(SDKROOT)/Developer/Library/Frameworks",
					"$(inherited)",
				);
				GCC_PREPROCESSOR_DEFINITIONS = (
					"DEBUG=1",
					"$(inherited)",
				);
				INFOPLIST_FILE = PryParseoXMLTests/Info.plist;
				LD_RUNPATH_SEARCH_PATHS = "$(inherited) @executable_path/Frameworks @loader_path/Frameworks";
				PRODUCT_NAME = "$(TARGET_NAME)";
				TEST_HOST = "$(BUILT_PRODUCTS_DIR)/PryParseoXML.app/PryParseoXML";
			};
			name = Debug;
		};
		1E3BF9481A5D846300286399 /* Release */ = {
			isa = XCBuildConfiguration;
			buildSettings = {
				BUNDLE_LOADER = "$(TEST_HOST)";
				FRAMEWORK_SEARCH_PATHS = (
					"$(SDKROOT)/Developer/Library/Frameworks",
					"$(inherited)",
				);
				INFOPLIST_FILE = PryParseoXMLTests/Info.plist;
				LD_RUNPATH_SEARCH_PATHS = "$(inherited) @executable_path/Frameworks @loader_path/Frameworks";
				PRODUCT_NAME = "$(TARGET_NAME)";
				TEST_HOST = "$(BUILT_PRODUCTS_DIR)/PryParseoXML.app/PryParseoXML";
			};
			name = Release;
		};
/* End XCBuildConfiguration section */

/* Begin XCConfigurationList section */
		1E3BF91B1A5D846300286399 /* Build configuration list for PBXProject "PryParseoXML" */ = {
			isa = XCConfigurationList;
			buildConfigurations = (
				1E3BF9411A5D846300286399 /* Debug */,
				1E3BF9421A5D846300286399 /* Release */,
			);
			defaultConfigurationIsVisible = 0;
			defaultConfigurationName = Release;
		};
		1E3BF9431A5D846300286399 /* Build configuration list for PBXNativeTarget "PryParseoXML" */ = {
			isa = XCConfigurationList;
			buildConfigurations = (
				1E3BF9441A5D846300286399 /* Debug */,
				1E3BF9451A5D846300286399 /* Release */,
			);
			defaultConfigurationIsVisible = 0;
		};
		1E3BF9461A5D846300286399 /* Build configuration list for PBXNativeTarget "PryParseoXMLTests" */ = {
			isa = XCConfigurationList;
			buildConfigurations = (
				1E3BF9471A5D846300286399 /* Debug */,
				1E3BF9481A5D846300286399 /* Release */,
			);
			defaultConfigurationIsVisible = 0;
		};
/* End XCConfigurationList section */
	};
	rootObject = 1E3BF9181A5D846300286399 /* Project object */;
}
